
Microsoft Visual Studio Solution File, Format Version 12.00
# Visual Studio Version 17
VisualStudioVersion = 17.2.32519.379
MinimumVisualStudioVersion = 10.0.40219.1
Project("{FAE04EC0-301F-11D3-BF4B-00C04F79EFBC}") = "IP Address Converter", "IP Address Converter\IP Address Converter.csproj", "{EA69633B-3DFF-4E57-987A-359C00D2E2D9}"
EndProject
Global
	GlobalSection(SolutionConfigurationPlatforms) = preSolution
		Debug|Any CPU = Debug|Any CPU
		Release|Any CPU = Release|Any CPU
	EndGlobalSection
	GlobalSection(ProjectConfigurationPlatforms) = postSolution
		{EA69633B-3DFF-4E57-987A-359C00D2E2D9}.Debug|Any CPU.ActiveCfg = Debug|Any CPU
		{EA69633B-3DFF-4E57-987A-359C00D2E2D9}.Debug|Any CPU.Build.0 = Debug|Any CPU
		{EA69633B-3DFF-4E57-987A-359C00D2E2D9}.Release|Any CPU.ActiveCfg = Release|Any CPU
		{EA69633B-3DFF-4E57-987A-359C00D2E2D9}.Release|Any CPU.Build.0 = Release|Any CPU
	EndGlobalSection
	GlobalSection(SolutionProperties) = preSolution
		HideSolutionNode = FALSE
	EndGlobalSection
	GlobalSection(ExtensibilityGlobals) = postSolution
		SolutionGuid = {7BE1CC7C-1148-46D8-9BB4-CACCDBC30368}
	EndGlobalSection
EndGlobal
